
Microsoft Visual Studio Solution File, Format Version 12.00
# Visual Studio Version 16
VisualStudioVersion = 16.0.31729.503
MinimumVisualStudioVersion = 10.0.40219.1
Project("{FAE04EC0-301F-11D3-BF4B-00C04F79EFBC}") = "02UnderstandingTypes", "02UnderstandingTypes\02UnderstandingTypes.csproj", "{B9803D70-5073-4A09-AB06-4386B3AE0600}"
EndProject
Global
	GlobalSection(SolutionConfigurationPlatforms) = preSolution
		Debug|Any CPU = Debug|Any CPU
		Release|Any CPU = Release|Any CPU
	EndGlobalSection
	GlobalSection(ProjectConfigurationPlatforms) = postSolution
		{B9803D70-5073-4A09-AB06-4386B3AE0600}.Debug|Any CPU.ActiveCfg = Debug|Any CPU
		{B9803D70-5073-4A09-AB06-4386B3AE0600}.Debug|Any CPU.Build.0 = Debug|Any CPU
		{B9803D70-5073-4A09-AB06-4386B3AE0600}.Release|Any CPU.ActiveCfg = Release|Any CPU
		{B9803D70-5073-4A09-AB06-4386B3AE0600}.Release|Any CPU.Build.0 = Release|Any CPU
	EndGlobalSection
	GlobalSection(SolutionProperties) = preSolution
		HideSolutionNode = FALSE
	EndGlobalSection
	GlobalSection(ExtensibilityGlobals) = postSolution
		SolutionGuid = {23A1D4BC-39AF-4E1C-BD8D-40E644872FDD}
	EndGlobalSection
EndGlobal
