
Microsoft Visual Studio Solution File, Format Version 12.00
# Visual Studio Version 16
VisualStudioVersion = 16.0.31729.503
MinimumVisualStudioVersion = 10.0.40219.1
Project("{FAE04EC0-301F-11D3-BF4B-00C04F79EFBC}") = "HTML_Assignment", "HTML_Assignment\HTML_Assignment.csproj", "{D7A68D9D-1E37-438C-AFE0-4301A01FDDE2}"
EndProject
Global
	GlobalSection(SolutionConfigurationPlatforms) = preSolution
		Debug|Any CPU = Debug|Any CPU
		Release|Any CPU = Release|Any CPU
	EndGlobalSection
	GlobalSection(ProjectConfigurationPlatforms) = postSolution
		{D7A68D9D-1E37-438C-AFE0-4301A01FDDE2}.Debug|Any CPU.ActiveCfg = Debug|Any CPU
		{D7A68D9D-1E37-438C-AFE0-4301A01FDDE2}.Debug|Any CPU.Build.0 = Debug|Any CPU
		{D7A68D9D-1E37-438C-AFE0-4301A01FDDE2}.Release|Any CPU.ActiveCfg = Release|Any CPU
		{D7A68D9D-1E37-438C-AFE0-4301A01FDDE2}.Release|Any CPU.Build.0 = Release|Any CPU
	EndGlobalSection
	GlobalSection(SolutionProperties) = preSolution
		HideSolutionNode = FALSE
	EndGlobalSection
	GlobalSection(ExtensibilityGlobals) = postSolution
		SolutionGuid = {37BDFFA1-BD69-492C-AAA6-356C205C4C96}
	EndGlobalSection
EndGlobal
